
Microsoft Visual Studio Solution File, Format Version 12.00
# Visual Studio 15
VisualStudioVersion = 15.0.27004.2005
MinimumVisualStudioVersion = 10.0.40219.1
Project("{2150E333-8FDC-42A3-9474-1A3956D46DE8}") = "Examples", "Examples", "{A630C077-67E7-46C0-8C6C-A8370F5733CE}"
EndProject
Project("{2150E333-8FDC-42A3-9474-1A3956D46DE8}") = "C", "C", "{390CEBFE-1B0A-4E64-A0F4-73806DA0B560}"
EndProject
Project("{2150E333-8FDC-42A3-9474-1A3956D46DE8}") = "Hash", "Hash", "{C47569BF-DACD-4171-9CF4-A5A5C1EE2BE1}"
EndProject
Project("{8BC9CEB8-8B4A-11D0-8D11-00A0C91BC942}") = "Getting Started", "Examples\C\Hash\Getting Started\Getting Started.vcxproj", "{B3E9FE89-CD37-4E20-973B-B091EA079076}"
EndProject
Project("{8BC9CEB8-8B4A-11D0-8D11-00A0C91BC942}") = "PerfHash", "Examples\C\Hash\PerfHash\PerfHash.vcxproj", "{C25BB61E-5453-4396-A0F6-396271781A89}"
EndProject
Project("{8BC9CEB8-8B4A-11D0-8D11-00A0C91BC942}") = "ProcHash", "Examples\C\Hash\ProcHash\ProcHash.vcxproj", "{40CEEF4C-8CF9-48D7-8E86-47F3D9FEE848}"
EndProject
Project("{8BC9CEB8-8B4A-11D0-8D11-00A0C91BC942}") = "Reload From File", "Examples\C\Hash\Reload From File\Reload From File.vcxproj", "{174B912F-4CB9-4EE9-A6E5-65BB94948B6E}"
EndProject
Project("{8BC9CEB8-8B4A-11D0-8D11-00A0C91BC942}") = "Reload From Memory", "Examples\C\Hash\Reload From Memory\Reload From Memory.vcxproj", "{890B74F4-D72A-4F93-A500-4EF2196CB3EB}"
EndProject
Project("{2150E333-8FDC-42A3-9474-1A3956D46DE8}") = "Hash", "Hash", "{27480A2A-42D2-4BE6-BBFA-48C6DFB215CF}"
EndProject
Project("{8BC9CEB8-8B4A-11D0-8D11-00A0C91BC942}") = "FiftyOne.DeviceDetection.Hash.Cpp", "FiftyOne.DeviceDetection.Hash.Cpp\FiftyOne.DeviceDetection.Hash.Cpp.vcxproj", "{401C012A-E5D9-4C00-9C5E-3FE078CED61B}"
EndProject
Project("{8BC9CEB8-8B4A-11D0-8D11-00A0C91BC942}") = "MemHash", "Examples\C\Hash\MemHash\MemHash.vcxproj", "{7FC13028-D652-4275-A96D-D8EFC8F0CCB8}"
EndProject
Project("{8BC9CEB8-8B4A-11D0-8D11-00A0C91BC942}") = "FiftyOne.DeviceDetection.Hash.Tests", "FiftyOne.DeviceDetection.Hash.Tests\FiftyOne.DeviceDetection.Hash.Tests.vcxproj", "{3B6EFECE-FA4D-437F-AD9B-6B1C66B67647}"
EndProject
Project("{2150E333-8FDC-42A3-9474-1A3956D46DE8}") = "CPP", "CPP", "{771BE173-9866-4A6C-AF55-1427FE257454}"
EndProject
Project("{2150E333-8FDC-42A3-9474-1A3956D46DE8}") = "Hash", "Hash", "{396ABBC1-D102-4C3B-9DDB-955B72BAECE4}"
EndProject
Project("{8BC9CEB8-8B4A-11D0-8D11-00A0C91BC942}") = "Getting Started", "Examples\CPP\Hash\Getting Started\Getting Started.vcxproj", "{B6CE7480-53BA-44C7-A262-6FA94B784C3E}"
EndProject
Project("{8BC9CEB8-8B4A-11D0-8D11-00A0C91BC942}") = "ExampleBase", "Examples\CPP\Hash\ExampleBase\ExampleBase.vcxproj", "{CAB43E83-8775-4477-964F-364D79F860B7}"
EndProject
Project("{8BC9CEB8-8B4A-11D0-8D11-00A0C91BC942}") = "Meta Data", "Examples\CPP\Hash\Meta Data\Meta Data.vcxproj", "{2B02F26B-EC29-48C2-9807-6965153051A8}"
EndProject
Project("{8BC9CEB8-8B4A-11D0-8D11-00A0C91BC942}") = "Strongly Typed", "Examples\CPP\Hash\Strongly Typed\Strongly Typed.vcxproj", "{03433D5F-4270-40A5-83A5-04CCC75A5613}"
EndProject
Project("{2150E333-8FDC-42A3-9474-1A3956D46DE8}") = "Common", "Common", "{89AD6B32-AFDA-4820-B704-0F726299EDF1}"
EndProject
Project("{2150E333-8FDC-42A3-9474-1A3956D46DE8}") = "Device Detection", "Device Detection", "{D6B9B036-6D74-4FEB-B845-E51E27EF2C4A}"
EndProject
Project("{8BC9CEB8-8B4A-11D0-8D11-00A0C91BC942}") = "FiftyOne.Common.C", "..\src\common-cxx\VisualStudio\FiftyOne.Common.C\FiftyOne.Common.C.vcxproj", "{8E1B0B4C-8220-4E7B-A838-B4B3DDB4CF15}"
EndProject
Project("{8BC9CEB8-8B4A-11D0-8D11-00A0C91BC942}") = "FiftyOne.Common.CPP", "..\src\common-cxx\VisualStudio\FiftyOne.Common.CPP\FiftyOne.Common.CPP.vcxproj", "{01DCCD38-27CC-4C1A-851F-F1700EDF8BB5}"
EndProject
Project("{8BC9CEB8-8B4A-11D0-8D11-00A0C91BC942}") = "FiftyOne.DeviceDetection.CPP", "FiftyOne.DeviceDetection.CPP\FiftyOne.DeviceDetection.CPP.vcxproj", "{79B9D213-082A-40D9-B5A7-2758AEDFCBEC}"
EndProject
Project("{8BC9CEB8-8B4A-11D0-8D11-00A0C91BC942}") = "Reload From File", "Examples\CPP\Hash\Reload From File\Reload From File.vcxproj", "{3CF5C030-9BBF-4CC7-9290-546DE57C8677}"
EndProject
Project("{8BC9CEB8-8B4A-11D0-8D11-00A0C91BC942}") = "Reload From Memory", "Examples\CPP\Hash\Reload From Memory\Reload From Memory.vcxproj", "{AF1E3B5B-A039-4855-BAB3-8455119ECD09}"
EndProject
Project("{8BC9CEB8-8B4A-11D0-8D11-00A0C91BC942}") = "Match Metrics", "Examples\C\Hash\Match Metrics\Match Metrics.vcxproj", "{21918EB5-0A76-4CDF-860A-F3725C357260}"
EndProject
Project("{8BC9CEB8-8B4A-11D0-8D11-00A0C91BC942}") = "Offline Processing", "Examples\C\Hash\Offline Processing\Offline Processing.vcxproj", "{11DC0A4A-D389-4FA8-903B-2C62DFA9C8FD}"
EndProject
Project("{8BC9CEB8-8B4A-11D0-8D11-00A0C91BC942}") = "Strongly Typed", "Examples\C\Hash\Strongly Typed\Strongly Typed.vcxproj", "{0B2D19CA-0547-4EA7-89CB-E6C79A06647F}"
EndProject
Project("{8BC9CEB8-8B4A-11D0-8D11-00A0C91BC942}") = "Match Metrics", "Examples\CPP\Hash\Match Metrics\Match Metrics.vcxproj", "{A7FBECB9-8049-40A9-A923-63BDAD33483B}"
EndProject
Project("{8BC9CEB8-8B4A-11D0-8D11-00A0C91BC942}") = "FiftyOne.DeviceDetection.C", "FiftyOne.DeviceDetection.C\FiftyOne.DeviceDetection.C.vcxproj", "{CCBBB20E-10A3-4E1B-9D71-27A84C548E6E}"
EndProject
Project("{8BC9CEB8-8B4A-11D0-8D11-00A0C91BC942}") = "FiftyOne.DeviceDetection.Hash.C", "FiftyOne.DeviceDetection.Hash.C\FiftyOne.DeviceDetection.Hash.C.vcxproj", "{1D1FB480-9E69-4C1D-A120-1601B00B2457}"
EndProject
Project("{8BC9CEB8-8B4A-11D0-8D11-00A0C91BC942}") = "Find Profiles", "Examples\C\Hash\Find Profiles\Find Profiles.vcxproj", "{22E3BB54-2542-4641-9A07-7EFE0DD64670}"
EndProject
Project("{8BC9CEB8-8B4A-11D0-8D11-00A0C91BC942}") = "Match For Device Id", "Examples\C\Hash\Match For Device Id\Match For Device Id.vcxproj", "{C11D3CCB-F720-400B-89F7-A3C60B7079CC}"
EndProject
Global
	GlobalSection(SolutionConfigurationPlatforms) = preSolution
		Debug|x64 = Debug|x64
		Debug|x86 = Debug|x86
		Debug-MemoryOnly|x64 = Debug-MemoryOnly|x64
		Debug-MemoryOnly|x86 = Debug-MemoryOnly|x86
		Debug-Single|x64 = Debug-Single|x64
		Debug-Single|x86 = Debug-Single|x86
		Release|x64 = Release|x64
		Release|x86 = Release|x86
		Release-MemoryOnly|x64 = Release-MemoryOnly|x64
		Release-MemoryOnly|x86 = Release-MemoryOnly|x86
		Release-Single|x64 = Release-Single|x64
		Release-Single|x86 = Release-Single|x86
	EndGlobalSection
	GlobalSection(ProjectConfigurationPlatforms) = postSolution
		{B3E9FE89-CD37-4E20-973B-B091EA079076}.Debug|x64.ActiveCfg = Debug|x64
		{B3E9FE89-CD37-4E20-973B-B091EA079076}.Debug|x64.Build.0 = Debug|x64
		{B3E9FE89-CD37-4E20-973B-B091EA079076}.Debug|x86.ActiveCfg = Debug|Win32
		{B3E9FE89-CD37-4E20-973B-B091EA079076}.Debug|x86.Build.0 = Debug|Win32
		{B3E9FE89-CD37-4E20-973B-B091EA079076}.Debug-MemoryOnly|x64.ActiveCfg = Debug|x64
		{B3E9FE89-CD37-4E20-973B-B091EA079076}.Debug-MemoryOnly|x64.Build.0 = Debug|x64
		{B3E9FE89-CD37-4E20-973B-B091EA079076}.Debug-MemoryOnly|x86.ActiveCfg = Debug|Win32
		{B3E9FE89-CD37-4E20-973B-B091EA079076}.Debug-MemoryOnly|x86.Build.0 = Debug|Win32
		{B3E9FE89-CD37-4E20-973B-B091EA079076}.Debug-Single|x64.ActiveCfg = Debug-Single|x64
		{B3E9FE89-CD37-4E20-973B-B091EA079076}.Debug-Single|x64.Build.0 = Debug-Single|x64
		{B3E9FE89-CD37-4E20-973B-B091EA079076}.Debug-Single|x86.ActiveCfg = Debug-Single|Win32
		{B3E9FE89-CD37-4E20-973B-B091EA079076}.Debug-Single|x86.Build.0 = Debug-Single|Win32
		{B3E9FE89-CD37-4E20-973B-B091EA079076}.Release|x64.ActiveCfg = Release|x64
		{B3E9FE89-CD37-4E20-973B-B091EA079076}.Release|x64.Build.0 = Release|x64
		{B3E9FE89-CD37-4E20-973B-B091EA079076}.Release|x86.ActiveCfg = Release|Win32
		{B3E9FE89-CD37-4E20-973B-B091EA079076}.Release|x86.Build.0 = Release|Win32
		{B3E9FE89-CD37-4E20-973B-B091EA079076}.Release-MemoryOnly|x64.ActiveCfg = Release|x64
		{B3E9FE89-CD37-4E20-973B-B091EA079076}.Release-MemoryOnly|x64.Build.0 = Release|x64
		{B3E9FE89-CD37-4E20-973B-B091EA079076}.Release-MemoryOnly|x86.ActiveCfg = Release|Win32
		{B3E9FE89-CD37-4E20-973B-B091EA079076}.Release-MemoryOnly|x86.Build.0 = Release|Win32
		{B3E9FE89-CD37-4E20-973B-B091EA079076}.Release-Single|x64.ActiveCfg = Release-Single|x64
		{B3E9FE89-CD37-4E20-973B-B091EA079076}.Release-Single|x64.Build.0 = Release-Single|x64
		{B3E9FE89-CD37-4E20-973B-B091EA079076}.Release-Single|x86.ActiveCfg = Release-Single|Win32
		{B3E9FE89-CD37-4E20-973B-B091EA079076}.Release-Single|x86.Build.0 = Release-Single|Win32
		{C25BB61E-5453-4396-A0F6-396271781A89}.Debug|x64.ActiveCfg = Debug|x64
		{C25BB61E-5453-4396-A0F6-396271781A89}.Debug|x64.Build.0 = Debug|x64
		{C25BB61E-5453-4396-A0F6-396271781A89}.Debug|x86.ActiveCfg = Debug|Win32
		{C25BB61E-5453-4396-A0F6-396271781A89}.Debug|x86.Build.0 = Debug|Win32
		{C25BB61E-5453-4396-A0F6-396271781A89}.Debug-MemoryOnly|x64.ActiveCfg = Debug|x64
		{C25BB61E-5453-4396-A0F6-396271781A89}.Debug-MemoryOnly|x64.Build.0 = Debug|x64
		{C25BB61E-5453-4396-A0F6-396271781A89}.Debug-MemoryOnly|x86.ActiveCfg = Debug|Win32
		{C25BB61E-5453-4396-A0F6-396271781A89}.Debug-MemoryOnly|x86.Build.0 = Debug|Win32
		{C25BB61E-5453-4396-A0F6-396271781A89}.Debug-Single|x64.ActiveCfg = Debug-Single|x64
		{C25BB61E-5453-4396-A0F6-396271781A89}.Debug-Single|x64.Build.0 = Debug-Single|x64
		{C25BB61E-5453-4396-A0F6-396271781A89}.Debug-Single|x64.Deploy.0 = Debug-Single|x64
		{C25BB61E-5453-4396-A0F6-396271781A89}.Debug-Single|x86.ActiveCfg = Debug-Single|Win32
		{C25BB61E-5453-4396-A0F6-396271781A89}.Debug-Single|x86.Build.0 = Debug-Single|Win32
		{C25BB61E-5453-4396-A0F6-396271781A89}.Debug-Single|x86.Deploy.0 = Debug-Single|Win32
		{C25BB61E-5453-4396-A0F6-396271781A89}.Release|x64.ActiveCfg = Release|x64
		{C25BB61E-5453-4396-A0F6-396271781A89}.Release|x64.Build.0 = Release|x64
		{C25BB61E-5453-4396-A0F6-396271781A89}.Release|x86.ActiveCfg = Release|Win32
		{C25BB61E-5453-4396-A0F6-396271781A89}.Release|x86.Build.0 = Release|Win32
		{C25BB61E-5453-4396-A0F6-396271781A89}.Release-MemoryOnly|x64.ActiveCfg = Release|x64
		{C25BB61E-5453-4396-A0F6-396271781A89}.Release-MemoryOnly|x64.Build.0 = Release|x64
		{C25BB61E-5453-4396-A0F6-396271781A89}.Release-MemoryOnly|x86.ActiveCfg = Release|Win32
		{C25BB61E-5453-4396-A0F6-396271781A89}.Release-MemoryOnly|x86.Build.0 = Release|Win32
		{C25BB61E-5453-4396-A0F6-396271781A89}.Release-Single|x64.ActiveCfg = Release-Single|x64
		{C25BB61E-5453-4396-A0F6-396271781A89}.Release-Single|x64.Build.0 = Release-Single|x64
		{C25BB61E-5453-4396-A0F6-396271781A89}.Release-Single|x64.Deploy.0 = Release-Single|x64
		{C25BB61E-5453-4396-A0F6-396271781A89}.Release-Single|x86.ActiveCfg = Release-Single|Win32
		{C25BB61E-5453-4396-A0F6-396271781A89}.Release-Single|x86.Build.0 = Release-Single|Win32
		{C25BB61E-5453-4396-A0F6-396271781A89}.Release-Single|x86.Deploy.0 = Release-Single|Win32
		{40CEEF4C-8CF9-48D7-8E86-47F3D9FEE848}.Debug|x64.ActiveCfg = Debug|x64
		{40CEEF4C-8CF9-48D7-8E86-47F3D9FEE848}.Debug|x64.Build.0 = Debug|x64
		{40CEEF4C-8CF9-48D7-8E86-47F3D9FEE848}.Debug|x86.ActiveCfg = Debug|Win32
		{40CEEF4C-8CF9-48D7-8E86-47F3D9FEE848}.Debug|x86.Build.0 = Debug|Win32
		{40CEEF4C-8CF9-48D7-8E86-47F3D9FEE848}.Debug-MemoryOnly|x64.ActiveCfg = Debug|x64
		{40CEEF4C-8CF9-48D7-8E86-47F3D9FEE848}.Debug-MemoryOnly|x64.Build.0 = Debug|x64
		{40CEEF4C-8CF9-48D7-8E86-47F3D9FEE848}.Debug-MemoryOnly|x86.ActiveCfg = Debug|Win32
		{40CEEF4C-8CF9-48D7-8E86-47F3D9FEE848}.Debug-MemoryOnly|x86.Build.0 = Debug|Win32
		{40CEEF4C-8CF9-48D7-8E86-47F3D9FEE848}.Debug-Single|x64.ActiveCfg = Debug-Single|x64
		{40CEEF4C-8CF9-48D7-8E86-47F3D9FEE848}.Debug-Single|x64.Build.0 = Debug-Single|x64
		{40CEEF4C-8CF9-48D7-8E86-47F3D9FEE848}.Debug-Single|x86.ActiveCfg = Debug-Single|Win32
		{40CEEF4C-8CF9-48D7-8E86-47F3D9FEE848}.Debug-Single|x86.Build.0 = Debug-Single|Win32
		{40CEEF4C-8CF9-48D7-8E86-47F3D9FEE848}.Release|x64.ActiveCfg = Release|x64
		{40CEEF4C-8CF9-48D7-8E86-47F3D9FEE848}.Release|x64.Build.0 = Release|x64
		{40CEEF4C-8CF9-48D7-8E86-47F3D9FEE848}.Release|x86.ActiveCfg = Release|Win32
		{40CEEF4C-8CF9-48D7-8E86-47F3D9FEE848}.Release|x86.Build.0 = Release|Win32
		{40CEEF4C-8CF9-48D7-8E86-47F3D9FEE848}.Release-MemoryOnly|x64.ActiveCfg = Release|x64
		{40CEEF4C-8CF9-48D7-8E86-47F3D9FEE848}.Release-MemoryOnly|x64.Build.0 = Release|x64
		{40CEEF4C-8CF9-48D7-8E86-47F3D9FEE848}.Release-MemoryOnly|x86.ActiveCfg = Release|Win32
		{40CEEF4C-8CF9-48D7-8E86-47F3D9FEE848}.Release-MemoryOnly|x86.Build.0 = Release|Win32
		{40CEEF4C-8CF9-48D7-8E86-47F3D9FEE848}.Release-Single|x64.ActiveCfg = Release-Single|x64
		{40CEEF4C-8CF9-48D7-8E86-47F3D9FEE848}.Release-Single|x64.Build.0 = Release-Single|x64
		{40CEEF4C-8CF9-48D7-8E86-47F3D9FEE848}.Release-Single|x86.ActiveCfg = Release-Single|Win32
		{40CEEF4C-8CF9-48D7-8E86-47F3D9FEE848}.Release-Single|x86.Build.0 = Release-Single|Win32
		{174B912F-4CB9-4EE9-A6E5-65BB94948B6E}.Debug|x64.ActiveCfg = Debug|x64
		{174B912F-4CB9-4EE9-A6E5-65BB94948B6E}.Debug|x64.Build.0 = Debug|x64
		{174B912F-4CB9-4EE9-A6E5-65BB94948B6E}.Debug|x86.ActiveCfg = Debug|Win32
		{174B912F-4CB9-4EE9-A6E5-65BB94948B6E}.Debug|x86.Build.0 = Debug|Win32
		{174B912F-4CB9-4EE9-A6E5-65BB94948B6E}.Debug-MemoryOnly|x64.ActiveCfg = Debug|x64
		{174B912F-4CB9-4EE9-A6E5-65BB94948B6E}.Debug-MemoryOnly|x64.Build.0 = Debug|x64
		{174B912F-4CB9-4EE9-A6E5-65BB94948B6E}.Debug-MemoryOnly|x86.ActiveCfg = Debug|Win32
		{174B912F-4CB9-4EE9-A6E5-65BB94948B6E}.Debug-MemoryOnly|x86.Build.0 = Debug|Win32
		{174B912F-4CB9-4EE9-A6E5-65BB94948B6E}.Debug-Single|x64.ActiveCfg = Debug-Single|x64
		{174B912F-4CB9-4EE9-A6E5-65BB94948B6E}.Debug-Single|x64.Build.0 = Debug-Single|x64
		{174B912F-4CB9-4EE9-A6E5-65BB94948B6E}.Debug-Single|x86.ActiveCfg = Debug-Single|Win32
		{174B912F-4CB9-4EE9-A6E5-65BB94948B6E}.Debug-Single|x86.Build.0 = Debug-Single|Win32
		{174B912F-4CB9-4EE9-A6E5-65BB94948B6E}.Release|x64.ActiveCfg = Release|x64
		{174B912F-4CB9-4EE9-A6E5-65BB94948B6E}.Release|x64.Build.0 = Release|x64
		{174B912F-4CB9-4EE9-A6E5-65BB94948B6E}.Release|x86.ActiveCfg = Release|Win32
		{174B912F-4CB9-4EE9-A6E5-65BB94948B6E}.Release|x86.Build.0 = Release|Win32
		{174B912F-4CB9-4EE9-A6E5-65BB94948B6E}.Release-MemoryOnly|x64.ActiveCfg = Release|x64
		{174B912F-4CB9-4EE9-A6E5-65BB94948B6E}.Release-MemoryOnly|x64.Build.0 = Release|x64
		{174B912F-4CB9-4EE9-A6E5-65BB94948B6E}.Release-MemoryOnly|x86.ActiveCfg = Release|Win32
		{174B912F-4CB9-4EE9-A6E5-65BB94948B6E}.Release-MemoryOnly|x86.Build.0 = Release|Win32
		{174B912F-4CB9-4EE9-A6E5-65BB94948B6E}.Release-Single|x64.ActiveCfg = Release-Single|x64
		{174B912F-4CB9-4EE9-A6E5-65BB94948B6E}.Release-Single|x64.Build.0 = Release-Single|x64
		{174B912F-4CB9-4EE9-A6E5-65BB94948B6E}.Release-Single|x86.ActiveCfg = Release-Single|Win32
		{174B912F-4CB9-4EE9-A6E5-65BB94948B6E}.Release-Single|x86.Build.0 = Release-Single|Win32
		{890B74F4-D72A-4F93-A500-4EF2196CB3EB}.Debug|x64.ActiveCfg = Debug|x64
		{890B74F4-D72A-4F93-A500-4EF2196CB3EB}.Debug|x64.Build.0 = Debug|x64
		{890B74F4-D72A-4F93-A500-4EF2196CB3EB}.Debug|x86.ActiveCfg = Debug|Win32
		{890B74F4-D72A-4F93-A500-4EF2196CB3EB}.Debug|x86.Build.0 = Debug|Win32
		{890B74F4-D72A-4F93-A500-4EF2196CB3EB}.Debug-MemoryOnly|x64.ActiveCfg = Debug|x64
		{890B74F4-D72A-4F93-A500-4EF2196CB3EB}.Debug-MemoryOnly|x64.Build.0 = Debug|x64
		{890B74F4-D72A-4F93-A500-4EF2196CB3EB}.Debug-MemoryOnly|x86.ActiveCfg = Debug|Win32
		{890B74F4-D72A-4F93-A500-4EF2196CB3EB}.Debug-MemoryOnly|x86.Build.0 = Debug|Win32
		{890B74F4-D72A-4F93-A500-4EF2196CB3EB}.Debug-Single|x64.ActiveCfg = Debug-Single|x64
		{890B74F4-D72A-4F93-A500-4EF2196CB3EB}.Debug-Single|x64.Build.0 = Debug-Single|x64
		{890B74F4-D72A-4F93-A500-4EF2196CB3EB}.Debug-Single|x86.ActiveCfg = Debug-Single|Win32
		{890B74F4-D72A-4F93-A500-4EF2196CB3EB}.Debug-Single|x86.Build.0 = Debug-Single|Win32
		{890B74F4-D72A-4F93-A500-4EF2196CB3EB}.Release|x64.ActiveCfg = Release|x64
		{890B74F4-D72A-4F93-A500-4EF2196CB3EB}.Release|x64.Build.0 = Release|x64
		{890B74F4-D72A-4F93-A500-4EF2196CB3EB}.Release|x86.ActiveCfg = Release|Win32
		{890B74F4-D72A-4F93-A500-4EF2196CB3EB}.Release|x86.Build.0 = Release|Win32
		{890B74F4-D72A-4F93-A500-4EF2196CB3EB}.Release-MemoryOnly|x64.ActiveCfg = Release|x64
		{890B74F4-D72A-4F93-A500-4EF2196CB3EB}.Release-MemoryOnly|x64.Build.0 = Release|x64
		{890B74F4-D72A-4F93-A500-4EF2196CB3EB}.Release-MemoryOnly|x86.ActiveCfg = Release|Win32
		{890B74F4-D72A-4F93-A500-4EF2196CB3EB}.Release-MemoryOnly|x86.Build.0 = Release|Win32
		{890B74F4-D72A-4F93-A500-4EF2196CB3EB}.Release-Single|x64.ActiveCfg = Release-Single|x64
		{890B74F4-D72A-4F93-A500-4EF2196CB3EB}.Release-Single|x64.Build.0 = Release-Single|x64
		{890B74F4-D72A-4F93-A500-4EF2196CB3EB}.Release-Single|x86.ActiveCfg = Release-Single|Win32
		{890B74F4-D72A-4F93-A500-4EF2196CB3EB}.Release-Single|x86.Build.0 = Release-Single|Win32
		{401C012A-E5D9-4C00-9C5E-3FE078CED61B}.Debug|x64.ActiveCfg = Debug|x64
		{401C012A-E5D9-4C00-9C5E-3FE078CED61B}.Debug|x64.Build.0 = Debug|x64
		{401C012A-E5D9-4C00-9C5E-3FE078CED61B}.Debug|x86.ActiveCfg = Debug|Win32
		{401C012A-E5D9-4C00-9C5E-3FE078CED61B}.Debug|x86.Build.0 = Debug|Win32
		{401C012A-E5D9-4C00-9C5E-3FE078CED61B}.Debug-MemoryOnly|x64.ActiveCfg = Debug-MemoryOnly|x64
		{401C012A-E5D9-4C00-9C5E-3FE078CED61B}.Debug-MemoryOnly|x64.Build.0 = Debug-MemoryOnly|x64
		{401C012A-E5D9-4C00-9C5E-3FE078CED61B}.Debug-MemoryOnly|x86.ActiveCfg = Debug-MemoryOnly|Win32
		{401C012A-E5D9-4C00-9C5E-3FE078CED61B}.Debug-MemoryOnly|x86.Build.0 = Debug-MemoryOnly|Win32
		{401C012A-E5D9-4C00-9C5E-3FE078CED61B}.Debug-Single|x64.ActiveCfg = Debug-Single|x64
		{401C012A-E5D9-4C00-9C5E-3FE078CED61B}.Debug-Single|x64.Build.0 = Debug-Single|x64
		{401C012A-E5D9-4C00-9C5E-3FE078CED61B}.Debug-Single|x86.ActiveCfg = Debug-Single|Win32
		{401C012A-E5D9-4C00-9C5E-3FE078CED61B}.Debug-Single|x86.Build.0 = Debug-Single|Win32
		{401C012A-E5D9-4C00-9C5E-3FE078CED61B}.Release|x64.ActiveCfg = Release|x64
		{401C012A-E5D9-4C00-9C5E-3FE078CED61B}.Release|x64.Build.0 = Release|x64
		{401C012A-E5D9-4C00-9C5E-3FE078CED61B}.Release|x86.ActiveCfg = Release|Win32
		{401C012A-E5D9-4C00-9C5E-3FE078CED61B}.Release|x86.Build.0 = Release|Win32
		{401C012A-E5D9-4C00-9C5E-3FE078CED61B}.Release-MemoryOnly|x64.ActiveCfg = Release-MemoryOnly|x64
		{401C012A-E5D9-4C00-9C5E-3FE078CED61B}.Release-MemoryOnly|x64.Build.0 = Release-MemoryOnly|x64
		{401C012A-E5D9-4C00-9C5E-3FE078CED61B}.Release-MemoryOnly|x86.ActiveCfg = Release-MemoryOnly|Win32
		{401C012A-E5D9-4C00-9C5E-3FE078CED61B}.Release-MemoryOnly|x86.Build.0 = Release-MemoryOnly|Win32
		{401C012A-E5D9-4C00-9C5E-3FE078CED61B}.Release-Single|x64.ActiveCfg = Release-Single|x64
		{401C012A-E5D9-4C00-9C5E-3FE078CED61B}.Release-Single|x64.Build.0 = Release-Single|x64
		{401C012A-E5D9-4C00-9C5E-3FE078CED61B}.Release-Single|x86.ActiveCfg = Release-Single|Win32
		{401C012A-E5D9-4C00-9C5E-3FE078CED61B}.Release-Single|x86.Build.0 = Release-Single|Win32
		{7FC13028-D652-4275-A96D-D8EFC8F0CCB8}.Debug|x64.ActiveCfg = Debug|x64
		{7FC13028-D652-4275-A96D-D8EFC8F0CCB8}.Debug|x64.Build.0 = Debug|x64
		{7FC13028-D652-4275-A96D-D8EFC8F0CCB8}.Debug|x86.ActiveCfg = Debug|Win32
		{7FC13028-D652-4275-A96D-D8EFC8F0CCB8}.Debug|x86.Build.0 = Debug|Win32
		{7FC13028-D652-4275-A96D-D8EFC8F0CCB8}.Debug-MemoryOnly|x64.ActiveCfg = Debug|x64
		{7FC13028-D652-4275-A96D-D8EFC8F0CCB8}.Debug-MemoryOnly|x64.Build.0 = Debug|x64
		{7FC13028-D652-4275-A96D-D8EFC8F0CCB8}.Debug-MemoryOnly|x86.ActiveCfg = Debug|Win32
		{7FC13028-D652-4275-A96D-D8EFC8F0CCB8}.Debug-MemoryOnly|x86.Build.0 = Debug|Win32
		{7FC13028-D652-4275-A96D-D8EFC8F0CCB8}.Debug-Single|x64.ActiveCfg = Debug-Single|x64
		{7FC13028-D652-4275-A96D-D8EFC8F0CCB8}.Debug-Single|x64.Build.0 = Debug-Single|x64
		{7FC13028-D652-4275-A96D-D8EFC8F0CCB8}.Debug-Single|x86.ActiveCfg = Debug-Single|Win32
		{7FC13028-D652-4275-A96D-D8EFC8F0CCB8}.Debug-Single|x86.Build.0 = Debug-Single|Win32
		{7FC13028-D652-4275-A96D-D8EFC8F0CCB8}.Release|x64.ActiveCfg = Release|x64
		{7FC13028-D652-4275-A96D-D8EFC8F0CCB8}.Release|x64.Build.0 = Release|x64
		{7FC13028-D652-4275-A96D-D8EFC8F0CCB8}.Release|x86.ActiveCfg = Release|Win32
		{7FC13028-D652-4275-A96D-D8EFC8F0CCB8}.Release|x86.Build.0 = Release|Win32
		{7FC13028-D652-4275-A96D-D8EFC8F0CCB8}.Release-MemoryOnly|x64.ActiveCfg = Release|x64
		{7FC13028-D652-4275-A96D-D8EFC8F0CCB8}.Release-MemoryOnly|x64.Build.0 = Release|x64
		{7FC13028-D652-4275-A96D-D8EFC8F0CCB8}.Release-MemoryOnly|x86.ActiveCfg = Release|Win32
		{7FC13028-D652-4275-A96D-D8EFC8F0CCB8}.Release-MemoryOnly|x86.Build.0 = Release|Win32
		{7FC13028-D652-4275-A96D-D8EFC8F0CCB8}.Release-Single|x64.ActiveCfg = Release-Single|x64
		{7FC13028-D652-4275-A96D-D8EFC8F0CCB8}.Release-Single|x64.Build.0 = Release-Single|x64
		{7FC13028-D652-4275-A96D-D8EFC8F0CCB8}.Release-Single|x86.ActiveCfg = Release-Single|Win32
		{7FC13028-D652-4275-A96D-D8EFC8F0CCB8}.Release-Single|x86.Build.0 = Release-Single|Win32
		{3B6EFECE-FA4D-437F-AD9B-6B1C66B67647}.Debug|x64.ActiveCfg = Debug|x64
		{3B6EFECE-FA4D-437F-AD9B-6B1C66B67647}.Debug|x64.Build.0 = Debug|x64
		{3B6EFECE-FA4D-437F-AD9B-6B1C66B67647}.Debug|x86.ActiveCfg = Debug|Win32
		{3B6EFECE-FA4D-437F-AD9B-6B1C66B67647}.Debug|x86.Build.0 = Debug|Win32
		{3B6EFECE-FA4D-437F-AD9B-6B1C66B67647}.Debug-MemoryOnly|x64.ActiveCfg = Debug|x64
		{3B6EFECE-FA4D-437F-AD9B-6B1C66B67647}.Debug-MemoryOnly|x64.Build.0 = Debug|x64
		{3B6EFECE-FA4D-437F-AD9B-6B1C66B67647}.Debug-MemoryOnly|x86.ActiveCfg = Debug|Win32
		{3B6EFECE-FA4D-437F-AD9B-6B1C66B67647}.Debug-MemoryOnly|x86.Build.0 = Debug|Win32
		{3B6EFECE-FA4D-437F-AD9B-6B1C66B67647}.Debug-Single|x64.ActiveCfg = Debug|x64
		{3B6EFECE-FA4D-437F-AD9B-6B1C66B67647}.Debug-Single|x64.Build.0 = Debug|x64
		{3B6EFECE-FA4D-437F-AD9B-6B1C66B67647}.Debug-Single|x86.ActiveCfg = Debug|Win32
		{3B6EFECE-FA4D-437F-AD9B-6B1C66B67647}.Debug-Single|x86.Build.0 = Debug|Win32
		{3B6EFECE-FA4D-437F-AD9B-6B1C66B67647}.Release|x64.ActiveCfg = Release|x64
		{3B6EFECE-FA4D-437F-AD9B-6B1C66B67647}.Release|x64.Build.0 = Release|x64
		{3B6EFECE-FA4D-437F-AD9B-6B1C66B67647}.Release|x86.ActiveCfg = Release|Win32
		{3B6EFECE-FA4D-437F-AD9B-6B1C66B67647}.Release|x86.Build.0 = Release|Win32
		{3B6EFECE-FA4D-437F-AD9B-6B1C66B67647}.Release-MemoryOnly|x64.ActiveCfg = Release|x64
		{3B6EFECE-FA4D-437F-AD9B-6B1C66B67647}.Release-MemoryOnly|x64.Build.0 = Release|x64
		{3B6EFECE-FA4D-437F-AD9B-6B1C66B67647}.Release-MemoryOnly|x86.ActiveCfg = Release|Win32
		{3B6EFECE-FA4D-437F-AD9B-6B1C66B67647}.Release-MemoryOnly|x86.Build.0 = Release|Win32
		{3B6EFECE-FA4D-437F-AD9B-6B1C66B67647}.Release-Single|x64.ActiveCfg = Release|x64
		{3B6EFECE-FA4D-437F-AD9B-6B1C66B67647}.Release-Single|x64.Build.0 = Release|x64
		{3B6EFECE-FA4D-437F-AD9B-6B1C66B67647}.Release-Single|x86.ActiveCfg = Release|Win32
		{3B6EFECE-FA4D-437F-AD9B-6B1C66B67647}.Release-Single|x86.Build.0 = Release|Win32
		{B6CE7480-53BA-44C7-A262-6FA94B784C3E}.Debug|x64.ActiveCfg = Debug|x64
		{B6CE7480-53BA-44C7-A262-6FA94B784C3E}.Debug|x64.Build.0 = Debug|x64
		{B6CE7480-53BA-44C7-A262-6FA94B784C3E}.Debug|x86.ActiveCfg = Debug|Win32
		{B6CE7480-53BA-44C7-A262-6FA94B784C3E}.Debug|x86.Build.0 = Debug|Win32
		{B6CE7480-53BA-44C7-A262-6FA94B784C3E}.Debug-MemoryOnly|x64.ActiveCfg = Debug|x64
		{B6CE7480-53BA-44C7-A262-6FA94B784C3E}.Debug-MemoryOnly|x64.Build.0 = Debug|x64
		{B6CE7480-53BA-44C7-A262-6FA94B784C3E}.Debug-MemoryOnly|x86.ActiveCfg = Debug|Win32
		{B6CE7480-53BA-44C7-A262-6FA94B784C3E}.Debug-MemoryOnly|x86.Build.0 = Debug|Win32
		{B6CE7480-53BA-44C7-A262-6FA94B784C3E}.Debug-Single|x64.ActiveCfg = Debug|x64
		{B6CE7480-53BA-44C7-A262-6FA94B784C3E}.Debug-Single|x64.Build.0 = Debug|x64
		{B6CE7480-53BA-44C7-A262-6FA94B784C3E}.Debug-Single|x86.ActiveCfg = Debug|Win32
		{B6CE7480-53BA-44C7-A262-6FA94B784C3E}.Debug-Single|x86.Build.0 = Debug|Win32
		{B6CE7480-53BA-44C7-A262-6FA94B784C3E}.Release|x64.ActiveCfg = Release|x64
		{B6CE7480-53BA-44C7-A262-6FA94B784C3E}.Release|x64.Build.0 = Release|x64
		{B6CE7480-53BA-44C7-A262-6FA94B784C3E}.Release|x86.ActiveCfg = Release|Win32
		{B6CE7480-53BA-44C7-A262-6FA94B784C3E}.Release|x86.Build.0 = Release|Win32
		{B6CE7480-53BA-44C7-A262-6FA94B784C3E}.Release-MemoryOnly|x64.ActiveCfg = Release|x64
		{B6CE7480-53BA-44C7-A262-6FA94B784C3E}.Release-MemoryOnly|x64.Build.0 = Release|x64
		{B6CE7480-53BA-44C7-A262-6FA94B784C3E}.Release-MemoryOnly|x86.ActiveCfg = Release|Win32
		{B6CE7480-53BA-44C7-A262-6FA94B784C3E}.Release-MemoryOnly|x86.Build.0 = Release|Win32
		{B6CE7480-53BA-44C7-A262-6FA94B784C3E}.Release-Single|x64.ActiveCfg = Release|x64
		{B6CE7480-53BA-44C7-A262-6FA94B784C3E}.Release-Single|x64.Build.0 = Release|x64
		{B6CE7480-53BA-44C7-A262-6FA94B784C3E}.Release-Single|x86.ActiveCfg = Release|Win32
		{B6CE7480-53BA-44C7-A262-6FA94B784C3E}.Release-Single|x86.Build.0 = Release|Win32
		{CAB43E83-8775-4477-964F-364D79F860B7}.Debug|x64.ActiveCfg = Debug|x64
		{CAB43E83-8775-4477-964F-364D79F860B7}.Debug|x64.Build.0 = Debug|x64
		{CAB43E83-8775-4477-964F-364D79F860B7}.Debug|x86.ActiveCfg = Debug|Win32
		{CAB43E83-8775-4477-964F-364D79F860B7}.Debug|x86.Build.0 = Debug|Win32
		{CAB43E83-8775-4477-964F-364D79F860B7}.Debug-MemoryOnly|x64.ActiveCfg = Debug|x64
		{CAB43E83-8775-4477-964F-364D79F860B7}.Debug-MemoryOnly|x64.Build.0 = Debug|x64
		{CAB43E83-8775-4477-964F-364D79F860B7}.Debug-MemoryOnly|x86.ActiveCfg = Debug|Win32
		{CAB43E83-8775-4477-964F-364D79F860B7}.Debug-MemoryOnly|x86.Build.0 = Debug|Win32
		{CAB43E83-8775-4477-964F-364D79F860B7}.Debug-Single|x64.ActiveCfg = Debug|x64
		{CAB43E83-8775-4477-964F-364D79F860B7}.Debug-Single|x64.Build.0 = Debug|x64
		{CAB43E83-8775-4477-964F-364D79F860B7}.Debug-Single|x86.ActiveCfg = Debug|Win32
		{CAB43E83-8775-4477-964F-364D79F860B7}.Debug-Single|x86.Build.0 = Debug|Win32
		{CAB43E83-8775-4477-964F-364D79F860B7}.Release|x64.ActiveCfg = Release|x64
		{CAB43E83-8775-4477-964F-364D79F860B7}.Release|x64.Build.0 = Release|x64
		{CAB43E83-8775-4477-964F-364D79F860B7}.Release|x86.ActiveCfg = Release|Win32
		{CAB43E83-8775-4477-964F-364D79F860B7}.Release|x86.Build.0 = Release|Win32
		{CAB43E83-8775-4477-964F-364D79F860B7}.Release-MemoryOnly|x64.ActiveCfg = Release|x64
		{CAB43E83-8775-4477-964F-364D79F860B7}.Release-MemoryOnly|x64.Build.0 = Release|x64
		{CAB43E83-8775-4477-964F-364D79F860B7}.Release-MemoryOnly|x86.ActiveCfg = Release|Win32
		{CAB43E83-8775-4477-964F-364D79F860B7}.Release-MemoryOnly|x86.Build.0 = Release|Win32
		{CAB43E83-8775-4477-964F-364D79F860B7}.Release-Single|x64.ActiveCfg = Release|x64
		{CAB43E83-8775-4477-964F-364D79F860B7}.Release-Single|x64.Build.0 = Release|x64
		{CAB43E83-8775-4477-964F-364D79F860B7}.Release-Single|x86.ActiveCfg = Release|Win32
		{CAB43E83-8775-4477-964F-364D79F860B7}.Release-Single|x86.Build.0 = Release|Win32
		{2B02F26B-EC29-48C2-9807-6965153051A8}.Debug|x64.ActiveCfg = Debug|x64
		{2B02F26B-EC29-48C2-9807-6965153051A8}.Debug|x64.Build.0 = Debug|x64
		{2B02F26B-EC29-48C2-9807-6965153051A8}.Debug|x86.ActiveCfg = Debug|Win32
		{2B02F26B-EC29-48C2-9807-6965153051A8}.Debug|x86.Build.0 = Debug|Win32
		{2B02F26B-EC29-48C2-9807-6965153051A8}.Debug-MemoryOnly|x64.ActiveCfg = Debug|x64
		{2B02F26B-EC29-48C2-9807-6965153051A8}.Debug-MemoryOnly|x64.Build.0 = Debug|x64
		{2B02F26B-EC29-48C2-9807-6965153051A8}.Debug-MemoryOnly|x86.ActiveCfg = Debug|Win32
		{2B02F26B-EC29-48C2-9807-6965153051A8}.Debug-MemoryOnly|x86.Build.0 = Debug|Win32
		{2B02F26B-EC29-48C2-9807-6965153051A8}.Debug-Single|x64.ActiveCfg = Debug|x64
		{2B02F26B-EC29-48C2-9807-6965153051A8}.Debug-Single|x64.Build.0 = Debug|x64
		{2B02F26B-EC29-48C2-9807-6965153051A8}.Debug-Single|x86.ActiveCfg = Debug|Win32
		{2B02F26B-EC29-48C2-9807-6965153051A8}.Debug-Single|x86.Build.0 = Debug|Win32
		{2B02F26B-EC29-48C2-9807-6965153051A8}.Release|x64.ActiveCfg = Release|x64
		{2B02F26B-EC29-48C2-9807-6965153051A8}.Release|x64.Build.0 = Release|x64
		{2B02F26B-EC29-48C2-9807-6965153051A8}.Release|x86.ActiveCfg = Release|Win32
		{2B02F26B-EC29-48C2-9807-6965153051A8}.Release|x86.Build.0 = Release|Win32
		{2B02F26B-EC29-48C2-9807-6965153051A8}.Release-MemoryOnly|x64.ActiveCfg = Release|x64
		{2B02F26B-EC29-48C2-9807-6965153051A8}.Release-MemoryOnly|x64.Build.0 = Release|x64
		{2B02F26B-EC29-48C2-9807-6965153051A8}.Release-MemoryOnly|x86.ActiveCfg = Release|Win32
		{2B02F26B-EC29-48C2-9807-6965153051A8}.Release-MemoryOnly|x86.Build.0 = Release|Win32
		{2B02F26B-EC29-48C2-9807-6965153051A8}.Release-Single|x64.ActiveCfg = Release|x64
		{2B02F26B-EC29-48C2-9807-6965153051A8}.Release-Single|x64.Build.0 = Release|x64
		{2B02F26B-EC29-48C2-9807-6965153051A8}.Release-Single|x86.ActiveCfg = Release|Win32
		{2B02F26B-EC29-48C2-9807-6965153051A8}.Release-Single|x86.Build.0 = Release|Win32
		{03433D5F-4270-40A5-83A5-04CCC75A5613}.Debug|x64.ActiveCfg = Debug|x64
		{03433D5F-4270-40A5-83A5-04CCC75A5613}.Debug|x64.Build.0 = Debug|x64
		{03433D5F-4270-40A5-83A5-04CCC75A5613}.Debug|x86.ActiveCfg = Debug|Win32
		{03433D5F-4270-40A5-83A5-04CCC75A5613}.Debug|x86.Build.0 = Debug|Win32
		{03433D5F-4270-40A5-83A5-04CCC75A5613}.Debug-MemoryOnly|x64.ActiveCfg = Debug|x64
		{03433D5F-4270-40A5-83A5-04CCC75A5613}.Debug-MemoryOnly|x64.Build.0 = Debug|x64
		{03433D5F-4270-40A5-83A5-04CCC75A5613}.Debug-MemoryOnly|x86.ActiveCfg = Debug|Win32
		{03433D5F-4270-40A5-83A5-04CCC75A5613}.Debug-MemoryOnly|x86.Build.0 = Debug|Win32
		{03433D5F-4270-40A5-83A5-04CCC75A5613}.Debug-Single|x64.ActiveCfg = Debug|x64
		{03433D5F-4270-40A5-83A5-04CCC75A5613}.Debug-Single|x64.Build.0 = Debug|x64
		{03433D5F-4270-40A5-83A5-04CCC75A5613}.Debug-Single|x86.ActiveCfg = Debug|Win32
		{03433D5F-4270-40A5-83A5-04CCC75A5613}.Debug-Single|x86.Build.0 = Debug|Win32
		{03433D5F-4270-40A5-83A5-04CCC75A5613}.Release|x64.ActiveCfg = Release|x64
		{03433D5F-4270-40A5-83A5-04CCC75A5613}.Release|x64.Build.0 = Release|x64
		{03433D5F-4270-40A5-83A5-04CCC75A5613}.Release|x86.ActiveCfg = Release|Win32
		{03433D5F-4270-40A5-83A5-04CCC75A5613}.Release|x86.Build.0 = Release|Win32
		{03433D5F-4270-40A5-83A5-04CCC75A5613}.Release-MemoryOnly|x64.ActiveCfg = Release|x64
		{03433D5F-4270-40A5-83A5-04CCC75A5613}.Release-MemoryOnly|x64.Build.0 = Release|x64
		{03433D5F-4270-40A5-83A5-04CCC75A5613}.Release-MemoryOnly|x86.ActiveCfg = Release|Win32
		{03433D5F-4270-40A5-83A5-04CCC75A5613}.Release-MemoryOnly|x86.Build.0 = Release|Win32
		{03433D5F-4270-40A5-83A5-04CCC75A5613}.Release-Single|x64.ActiveCfg = Release|x64
		{03433D5F-4270-40A5-83A5-04CCC75A5613}.Release-Single|x64.Build.0 = Release|x64
		{03433D5F-4270-40A5-83A5-04CCC75A5613}.Release-Single|x86.ActiveCfg = Release|Win32
		{03433D5F-4270-40A5-83A5-04CCC75A5613}.Release-Single|x86.Build.0 = Release|Win32
		{8E1B0B4C-8220-4E7B-A838-B4B3DDB4CF15}.Debug|x64.ActiveCfg = Debug|x64
		{8E1B0B4C-8220-4E7B-A838-B4B3DDB4CF15}.Debug|x64.Build.0 = Debug|x64
		{8E1B0B4C-8220-4E7B-A838-B4B3DDB4CF15}.Debug|x86.ActiveCfg = Debug|Win32
		{8E1B0B4C-8220-4E7B-A838-B4B3DDB4CF15}.Debug|x86.Build.0 = Debug|Win32
		{8E1B0B4C-8220-4E7B-A838-B4B3DDB4CF15}.Debug-MemoryOnly|x64.ActiveCfg = Debug-MemoryOnly|x64
		{8E1B0B4C-8220-4E7B-A838-B4B3DDB4CF15}.Debug-MemoryOnly|x64.Build.0 = Debug-MemoryOnly|x64
		{8E1B0B4C-8220-4E7B-A838-B4B3DDB4CF15}.Debug-MemoryOnly|x86.ActiveCfg = Debug-MemoryOnly|Win32
		{8E1B0B4C-8220-4E7B-A838-B4B3DDB4CF15}.Debug-MemoryOnly|x86.Build.0 = Debug-MemoryOnly|Win32
		{8E1B0B4C-8220-4E7B-A838-B4B3DDB4CF15}.Debug-Single|x64.ActiveCfg = Debug-Single|x64
		{8E1B0B4C-8220-4E7B-A838-B4B3DDB4CF15}.Debug-Single|x64.Build.0 = Debug-Single|x64
		{8E1B0B4C-8220-4E7B-A838-B4B3DDB4CF15}.Debug-Single|x86.ActiveCfg = Debug-Single|Win32
		{8E1B0B4C-8220-4E7B-A838-B4B3DDB4CF15}.Debug-Single|x86.Build.0 = Debug-Single|Win32
		{8E1B0B4C-8220-4E7B-A838-B4B3DDB4CF15}.Release|x64.ActiveCfg = Release|x64
		{8E1B0B4C-8220-4E7B-A838-B4B3DDB4CF15}.Release|x64.Build.0 = Release|x64
		{8E1B0B4C-8220-4E7B-A838-B4B3DDB4CF15}.Release|x86.ActiveCfg = Release|Win32
		{8E1B0B4C-8220-4E7B-A838-B4B3DDB4CF15}.Release|x86.Build.0 = Release|Win32
		{8E1B0B4C-8220-4E7B-A838-B4B3DDB4CF15}.Release-MemoryOnly|x64.ActiveCfg = Release-MemoryOnly|x64
		{8E1B0B4C-8220-4E7B-A838-B4B3DDB4CF15}.Release-MemoryOnly|x64.Build.0 = Release-MemoryOnly|x64
		{8E1B0B4C-8220-4E7B-A838-B4B3DDB4CF15}.Release-MemoryOnly|x86.ActiveCfg = Release-MemoryOnly|Win32
		{8E1B0B4C-8220-4E7B-A838-B4B3DDB4CF15}.Release-MemoryOnly|x86.Build.0 = Release-MemoryOnly|Win32
		{8E1B0B4C-8220-4E7B-A838-B4B3DDB4CF15}.Release-Single|x64.ActiveCfg = Release-Single|x64
		{8E1B0B4C-8220-4E7B-A838-B4B3DDB4CF15}.Release-Single|x64.Build.0 = Release-Single|x64
		{8E1B0B4C-8220-4E7B-A838-B4B3DDB4CF15}.Release-Single|x86.ActiveCfg = Release-Single|Win32
		{8E1B0B4C-8220-4E7B-A838-B4B3DDB4CF15}.Release-Single|x86.Build.0 = Release-Single|Win32
		{01DCCD38-27CC-4C1A-851F-F1700EDF8BB5}.Debug|x64.ActiveCfg = Debug|x64
		{01DCCD38-27CC-4C1A-851F-F1700EDF8BB5}.Debug|x64.Build.0 = Debug|x64
		{01DCCD38-27CC-4C1A-851F-F1700EDF8BB5}.Debug|x86.ActiveCfg = Debug|Win32
		{01DCCD38-27CC-4C1A-851F-F1700EDF8BB5}.Debug|x86.Build.0 = Debug|Win32
		{01DCCD38-27CC-4C1A-851F-F1700EDF8BB5}.Debug-MemoryOnly|x64.ActiveCfg = Debug-MemoryOnly|x64
		{01DCCD38-27CC-4C1A-851F-F1700EDF8BB5}.Debug-MemoryOnly|x64.Build.0 = Debug-MemoryOnly|x64
		{01DCCD38-27CC-4C1A-851F-F1700EDF8BB5}.Debug-MemoryOnly|x86.ActiveCfg = Debug-MemoryOnly|Win32
		{01DCCD38-27CC-4C1A-851F-F1700EDF8BB5}.Debug-MemoryOnly|x86.Build.0 = Debug-MemoryOnly|Win32
		{01DCCD38-27CC-4C1A-851F-F1700EDF8BB5}.Debug-Single|x64.ActiveCfg = Debug-Single|x64
		{01DCCD38-27CC-4C1A-851F-F1700EDF8BB5}.Debug-Single|x64.Build.0 = Debug-Single|x64
		{01DCCD38-27CC-4C1A-851F-F1700EDF8BB5}.Debug-Single|x86.ActiveCfg = Debug-Single|Win32
		{01DCCD38-27CC-4C1A-851F-F1700EDF8BB5}.Debug-Single|x86.Build.0 = Debug-Single|Win32
		{01DCCD38-27CC-4C1A-851F-F1700EDF8BB5}.Release|x64.ActiveCfg = Release|x64
		{01DCCD38-27CC-4C1A-851F-F1700EDF8BB5}.Release|x64.Build.0 = Release|x64
		{01DCCD38-27CC-4C1A-851F-F1700EDF8BB5}.Release|x86.ActiveCfg = Release|Win32
		{01DCCD38-27CC-4C1A-851F-F1700EDF8BB5}.Release|x86.Build.0 = Release|Win32
		{01DCCD38-27CC-4C1A-851F-F1700EDF8BB5}.Release-MemoryOnly|x64.ActiveCfg = Release-MemoryOnly|x64
		{01DCCD38-27CC-4C1A-851F-F1700EDF8BB5}.Release-MemoryOnly|x64.Build.0 = Release-MemoryOnly|x64
		{01DCCD38-27CC-4C1A-851F-F1700EDF8BB5}.Release-MemoryOnly|x86.ActiveCfg = Release-MemoryOnly|Win32
		{01DCCD38-27CC-4C1A-851F-F1700EDF8BB5}.Release-MemoryOnly|x86.Build.0 = Release-MemoryOnly|Win32
		{01DCCD38-27CC-4C1A-851F-F1700EDF8BB5}.Release-Single|x64.ActiveCfg = Release-Single|x64
		{01DCCD38-27CC-4C1A-851F-F1700EDF8BB5}.Release-Single|x64.Build.0 = Release-Single|x64
		{01DCCD38-27CC-4C1A-851F-F1700EDF8BB5}.Release-Single|x86.ActiveCfg = Release-Single|Win32
		{01DCCD38-27CC-4C1A-851F-F1700EDF8BB5}.Release-Single|x86.Build.0 = Release-Single|Win32
		{79B9D213-082A-40D9-B5A7-2758AEDFCBEC}.Debug|x64.ActiveCfg = Debug|x64
		{79B9D213-082A-40D9-B5A7-2758AEDFCBEC}.Debug|x64.Build.0 = Debug|x64
		{79B9D213-082A-40D9-B5A7-2758AEDFCBEC}.Debug|x86.ActiveCfg = Debug|Win32
		{79B9D213-082A-40D9-B5A7-2758AEDFCBEC}.Debug|x86.Build.0 = Debug|Win32
		{79B9D213-082A-40D9-B5A7-2758AEDFCBEC}.Debug-MemoryOnly|x64.ActiveCfg = Debug-MemoryOnly|x64
		{79B9D213-082A-40D9-B5A7-2758AEDFCBEC}.Debug-MemoryOnly|x64.Build.0 = Debug-MemoryOnly|x64
		{79B9D213-082A-40D9-B5A7-2758AEDFCBEC}.Debug-MemoryOnly|x86.ActiveCfg = Debug-MemoryOnly|Win32
		{79B9D213-082A-40D9-B5A7-2758AEDFCBEC}.Debug-MemoryOnly|x86.Build.0 = Debug-MemoryOnly|Win32
		{79B9D213-082A-40D9-B5A7-2758AEDFCBEC}.Debug-Single|x64.ActiveCfg = Debug-Single|x64
		{79B9D213-082A-40D9-B5A7-2758AEDFCBEC}.Debug-Single|x64.Build.0 = Debug-Single|x64
		{79B9D213-082A-40D9-B5A7-2758AEDFCBEC}.Debug-Single|x86.ActiveCfg = Debug-Single|Win32
		{79B9D213-082A-40D9-B5A7-2758AEDFCBEC}.Debug-Single|x86.Build.0 = Debug-Single|Win32
		{79B9D213-082A-40D9-B5A7-2758AEDFCBEC}.Release|x64.ActiveCfg = Release|x64
		{79B9D213-082A-40D9-B5A7-2758AEDFCBEC}.Release|x64.Build.0 = Release|x64
		{79B9D213-082A-40D9-B5A7-2758AEDFCBEC}.Release|x86.ActiveCfg = Release|Win32
		{79B9D213-082A-40D9-B5A7-2758AEDFCBEC}.Release|x86.Build.0 = Release|Win32
		{79B9D213-082A-40D9-B5A7-2758AEDFCBEC}.Release-MemoryOnly|x64.ActiveCfg = Release-MemoryOnly|x64
		{79B9D213-082A-40D9-B5A7-2758AEDFCBEC}.Release-MemoryOnly|x64.Build.0 = Release-MemoryOnly|x64
		{79B9D213-082A-40D9-B5A7-2758AEDFCBEC}.Release-MemoryOnly|x86.ActiveCfg = Release-MemoryOnly|Win32
		{79B9D213-082A-40D9-B5A7-2758AEDFCBEC}.Release-MemoryOnly|x86.Build.0 = Release-MemoryOnly|Win32
		{79B9D213-082A-40D9-B5A7-2758AEDFCBEC}.Release-Single|x64.ActiveCfg = Release-Single|x64
		{79B9D213-082A-40D9-B5A7-2758AEDFCBEC}.Release-Single|x64.Build.0 = Release-Single|x64
		{79B9D213-082A-40D9-B5A7-2758AEDFCBEC}.Release-Single|x86.ActiveCfg = Release-Single|Win32
		{79B9D213-082A-40D9-B5A7-2758AEDFCBEC}.Release-Single|x86.Build.0 = Release-Single|Win32
		{3CF5C030-9BBF-4CC7-9290-546DE57C8677}.Debug|x64.ActiveCfg = Debug|x64
		{3CF5C030-9BBF-4CC7-9290-546DE57C8677}.Debug|x64.Build.0 = Debug|x64
		{3CF5C030-9BBF-4CC7-9290-546DE57C8677}.Debug|x86.ActiveCfg = Debug|Win32
		{3CF5C030-9BBF-4CC7-9290-546DE57C8677}.Debug|x86.Build.0 = Debug|Win32
		{3CF5C030-9BBF-4CC7-9290-546DE57C8677}.Debug-MemoryOnly|x64.ActiveCfg = Debug|x64
		{3CF5C030-9BBF-4CC7-9290-546DE57C8677}.Debug-MemoryOnly|x64.Build.0 = Debug|x64
		{3CF5C030-9BBF-4CC7-9290-546DE57C8677}.Debug-MemoryOnly|x86.ActiveCfg = Debug|Win32
		{3CF5C030-9BBF-4CC7-9290-546DE57C8677}.Debug-MemoryOnly|x86.Build.0 = Debug|Win32
		{3CF5C030-9BBF-4CC7-9290-546DE57C8677}.Debug-Single|x64.ActiveCfg = Debug|x64
		{3CF5C030-9BBF-4CC7-9290-546DE57C8677}.Debug-Single|x64.Build.0 = Debug|x64
		{3CF5C030-9BBF-4CC7-9290-546DE57C8677}.Debug-Single|x86.ActiveCfg = Debug|Win32
		{3CF5C030-9BBF-4CC7-9290-546DE57C8677}.Debug-Single|x86.Build.0 = Debug|Win32
		{3CF5C030-9BBF-4CC7-9290-546DE57C8677}.Release|x64.ActiveCfg = Release|x64
		{3CF5C030-9BBF-4CC7-9290-546DE57C8677}.Release|x64.Build.0 = Release|x64
		{3CF5C030-9BBF-4CC7-9290-546DE57C8677}.Release|x86.ActiveCfg = Release|Win32
		{3CF5C030-9BBF-4CC7-9290-546DE57C8677}.Release|x86.Build.0 = Release|Win32
		{3CF5C030-9BBF-4CC7-9290-546DE57C8677}.Release-MemoryOnly|x64.ActiveCfg = Release|x64
		{3CF5C030-9BBF-4CC7-9290-546DE57C8677}.Release-MemoryOnly|x64.Build.0 = Release|x64
		{3CF5C030-9BBF-4CC7-9290-546DE57C8677}.Release-MemoryOnly|x86.ActiveCfg = Release|Win32
		{3CF5C030-9BBF-4CC7-9290-546DE57C8677}.Release-MemoryOnly|x86.Build.0 = Release|Win32
		{3CF5C030-9BBF-4CC7-9290-546DE57C8677}.Release-Single|x64.ActiveCfg = Release|x64
		{3CF5C030-9BBF-4CC7-9290-546DE57C8677}.Release-Single|x64.Build.0 = Release|x64
		{3CF5C030-9BBF-4CC7-9290-546DE57C8677}.Release-Single|x86.ActiveCfg = Release|Win32
		{3CF5C030-9BBF-4CC7-9290-546DE57C8677}.Release-Single|x86.Build.0 = Release|Win32
		{AF1E3B5B-A039-4855-BAB3-8455119ECD09}.Debug|x64.ActiveCfg = Debug|x64
		{AF1E3B5B-A039-4855-BAB3-8455119ECD09}.Debug|x64.Build.0 = Debug|x64
		{AF1E3B5B-A039-4855-BAB3-8455119ECD09}.Debug|x86.ActiveCfg = Debug|Win32
		{AF1E3B5B-A039-4855-BAB3-8455119ECD09}.Debug|x86.Build.0 = Debug|Win32
		{AF1E3B5B-A039-4855-BAB3-8455119ECD09}.Debug-MemoryOnly|x64.ActiveCfg = Debug|x64
		{AF1E3B5B-A039-4855-BAB3-8455119ECD09}.Debug-MemoryOnly|x64.Build.0 = Debug|x64
		{AF1E3B5B-A039-4855-BAB3-8455119ECD09}.Debug-MemoryOnly|x86.ActiveCfg = Debug|Win32
		{AF1E3B5B-A039-4855-BAB3-8455119ECD09}.Debug-MemoryOnly|x86.Build.0 = Debug|Win32
		{AF1E3B5B-A039-4855-BAB3-8455119ECD09}.Debug-Single|x64.ActiveCfg = Debug|x64
		{AF1E3B5B-A039-4855-BAB3-8455119ECD09}.Debug-Single|x64.Build.0 = Debug|x64
		{AF1E3B5B-A039-4855-BAB3-8455119ECD09}.Debug-Single|x86.ActiveCfg = Debug|Win32
		{AF1E3B5B-A039-4855-BAB3-8455119ECD09}.Debug-Single|x86.Build.0 = Debug|Win32
		{AF1E3B5B-A039-4855-BAB3-8455119ECD09}.Release|x64.ActiveCfg = Release|x64
		{AF1E3B5B-A039-4855-BAB3-8455119ECD09}.Release|x64.Build.0 = Release|x64
		{AF1E3B5B-A039-4855-BAB3-8455119ECD09}.Release|x86.ActiveCfg = Release|Win32
		{AF1E3B5B-A039-4855-BAB3-8455119ECD09}.Release|x86.Build.0 = Release|Win32
		{AF1E3B5B-A039-4855-BAB3-8455119ECD09}.Release-MemoryOnly|x64.ActiveCfg = Release|x64
		{AF1E3B5B-A039-4855-BAB3-8455119ECD09}.Release-MemoryOnly|x64.Build.0 = Release|x64
		{AF1E3B5B-A039-4855-BAB3-8455119ECD09}.Release-MemoryOnly|x86.ActiveCfg = Release|Win32
		{AF1E3B5B-A039-4855-BAB3-8455119ECD09}.Release-MemoryOnly|x86.Build.0 = Release|Win32
		{AF1E3B5B-A039-4855-BAB3-8455119ECD09}.Release-Single|x64.ActiveCfg = Release|x64
		{AF1E3B5B-A039-4855-BAB3-8455119ECD09}.Release-Single|x64.Build.0 = Release|x64
		{AF1E3B5B-A039-4855-BAB3-8455119ECD09}.Release-Single|x86.ActiveCfg = Release|Win32
		{AF1E3B5B-A039-4855-BAB3-8455119ECD09}.Release-Single|x86.Build.0 = Release|Win32
		{21918EB5-0A76-4CDF-860A-F3725C357260}.Debug|x64.ActiveCfg = Debug|x64
		{21918EB5-0A76-4CDF-860A-F3725C357260}.Debug|x64.Build.0 = Debug|x64
		{21918EB5-0A76-4CDF-860A-F3725C357260}.Debug|x86.ActiveCfg = Debug|Win32
		{21918EB5-0A76-4CDF-860A-F3725C357260}.Debug|x86.Build.0 = Debug|Win32
		{21918EB5-0A76-4CDF-860A-F3725C357260}.Debug-MemoryOnly|x64.ActiveCfg = Debug-Single|x64
		{21918EB5-0A76-4CDF-860A-F3725C357260}.Debug-MemoryOnly|x64.Build.0 = Debug-Single|x64
		{21918EB5-0A76-4CDF-860A-F3725C357260}.Debug-MemoryOnly|x86.ActiveCfg = Debug-Single|Win32
		{21918EB5-0A76-4CDF-860A-F3725C357260}.Debug-MemoryOnly|x86.Build.0 = Debug-Single|Win32
		{21918EB5-0A76-4CDF-860A-F3725C357260}.Debug-Single|x64.ActiveCfg = Debug-Single|x64
		{21918EB5-0A76-4CDF-860A-F3725C357260}.Debug-Single|x64.Build.0 = Debug-Single|x64
		{21918EB5-0A76-4CDF-860A-F3725C357260}.Debug-Single|x86.ActiveCfg = Debug-Single|Win32
		{21918EB5-0A76-4CDF-860A-F3725C357260}.Debug-Single|x86.Build.0 = Debug-Single|Win32
		{21918EB5-0A76-4CDF-860A-F3725C357260}.Release|x64.ActiveCfg = Release|x64
		{21918EB5-0A76-4CDF-860A-F3725C357260}.Release|x64.Build.0 = Release|x64
		{21918EB5-0A76-4CDF-860A-F3725C357260}.Release|x86.ActiveCfg = Release|Win32
		{21918EB5-0A76-4CDF-860A-F3725C357260}.Release|x86.Build.0 = Release|Win32
		{21918EB5-0A76-4CDF-860A-F3725C357260}.Release-MemoryOnly|x64.ActiveCfg = Release-Single|x64
		{21918EB5-0A76-4CDF-860A-F3725C357260}.Release-MemoryOnly|x64.Build.0 = Release-Single|x64
		{21918EB5-0A76-4CDF-860A-F3725C357260}.Release-MemoryOnly|x86.ActiveCfg = Release-Single|Win32
		{21918EB5-0A76-4CDF-860A-F3725C357260}.Release-MemoryOnly|x86.Build.0 = Release-Single|Win32
		{21918EB5-0A76-4CDF-860A-F3725C357260}.Release-Single|x64.ActiveCfg = Release-Single|x64
		{21918EB5-0A76-4CDF-860A-F3725C357260}.Release-Single|x64.Build.0 = Release-Single|x64
		{21918EB5-0A76-4CDF-860A-F3725C357260}.Release-Single|x86.ActiveCfg = Release-Single|Win32
		{21918EB5-0A76-4CDF-860A-F3725C357260}.Release-Single|x86.Build.0 = Release-Single|Win32
		{11DC0A4A-D389-4FA8-903B-2C62DFA9C8FD}.Debug|x64.ActiveCfg = Debug|x64
		{11DC0A4A-D389-4FA8-903B-2C62DFA9C8FD}.Debug|x64.Build.0 = Debug|x64
		{11DC0A4A-D389-4FA8-903B-2C62DFA9C8FD}.Debug|x86.ActiveCfg = Debug|Win32
		{11DC0A4A-D389-4FA8-903B-2C62DFA9C8FD}.Debug|x86.Build.0 = Debug|Win32
		{11DC0A4A-D389-4FA8-903B-2C62DFA9C8FD}.Debug-MemoryOnly|x64.ActiveCfg = Debug-Single|x64
		{11DC0A4A-D389-4FA8-903B-2C62DFA9C8FD}.Debug-MemoryOnly|x64.Build.0 = Debug-Single|x64
		{11DC0A4A-D389-4FA8-903B-2C62DFA9C8FD}.Debug-MemoryOnly|x86.ActiveCfg = Debug-Single|Win32
		{11DC0A4A-D389-4FA8-903B-2C62DFA9C8FD}.Debug-MemoryOnly|x86.Build.0 = Debug-Single|Win32
		{11DC0A4A-D389-4FA8-903B-2C62DFA9C8FD}.Debug-Single|x64.ActiveCfg = Debug-Single|x64
		{11DC0A4A-D389-4FA8-903B-2C62DFA9C8FD}.Debug-Single|x64.Build.0 = Debug-Single|x64
		{11DC0A4A-D389-4FA8-903B-2C62DFA9C8FD}.Debug-Single|x86.ActiveCfg = Debug-Single|Win32
		{11DC0A4A-D389-4FA8-903B-2C62DFA9C8FD}.Debug-Single|x86.Build.0 = Debug-Single|Win32
		{11DC0A4A-D389-4FA8-903B-2C62DFA9C8FD}.Release|x64.ActiveCfg = Release|x64
		{11DC0A4A-D389-4FA8-903B-2C62DFA9C8FD}.Release|x64.Build.0 = Release|x64
		{11DC0A4A-D389-4FA8-903B-2C62DFA9C8FD}.Release|x86.ActiveCfg = Release|Win32
		{11DC0A4A-D389-4FA8-903B-2C62DFA9C8FD}.Release|x86.Build.0 = Release|Win32
		{11DC0A4A-D389-4FA8-903B-2C62DFA9C8FD}.Release-MemoryOnly|x64.ActiveCfg = Release-Single|x64
		{11DC0A4A-D389-4FA8-903B-2C62DFA9C8FD}.Release-MemoryOnly|x64.Build.0 = Release-Single|x64
		{11DC0A4A-D389-4FA8-903B-2C62DFA9C8FD}.Release-MemoryOnly|x86.ActiveCfg = Release-Single|Win32
		{11DC0A4A-D389-4FA8-903B-2C62DFA9C8FD}.Release-MemoryOnly|x86.Build.0 = Release-Single|Win32
		{11DC0A4A-D389-4FA8-903B-2C62DFA9C8FD}.Release-Single|x64.ActiveCfg = Release-Single|x64
		{11DC0A4A-D389-4FA8-903B-2C62DFA9C8FD}.Release-Single|x64.Build.0 = Release-Single|x64
		{11DC0A4A-D389-4FA8-903B-2C62DFA9C8FD}.Release-Single|x86.ActiveCfg = Release-Single|Win32
		{11DC0A4A-D389-4FA8-903B-2C62DFA9C8FD}.Release-Single|x86.Build.0 = Release-Single|Win32
		{0B2D19CA-0547-4EA7-89CB-E6C79A06647F}.Debug|x64.ActiveCfg = Debug|x64
		{0B2D19CA-0547-4EA7-89CB-E6C79A06647F}.Debug|x64.Build.0 = Debug|x64
		{0B2D19CA-0547-4EA7-89CB-E6C79A06647F}.Debug|x86.ActiveCfg = Debug|Win32
		{0B2D19CA-0547-4EA7-89CB-E6C79A06647F}.Debug|x86.Build.0 = Debug|Win32
		{0B2D19CA-0547-4EA7-89CB-E6C79A06647F}.Debug-MemoryOnly|x64.ActiveCfg = Debug-Single|x64
		{0B2D19CA-0547-4EA7-89CB-E6C79A06647F}.Debug-MemoryOnly|x64.Build.0 = Debug-Single|x64
		{0B2D19CA-0547-4EA7-89CB-E6C79A06647F}.Debug-MemoryOnly|x86.ActiveCfg = Debug-Single|Win32
		{0B2D19CA-0547-4EA7-89CB-E6C79A06647F}.Debug-MemoryOnly|x86.Build.0 = Debug-Single|Win32
		{0B2D19CA-0547-4EA7-89CB-E6C79A06647F}.Debug-Single|x64.ActiveCfg = Debug-Single|x64
		{0B2D19CA-0547-4EA7-89CB-E6C79A06647F}.Debug-Single|x64.Build.0 = Debug-Single|x64
		{0B2D19CA-0547-4EA7-89CB-E6C79A06647F}.Debug-Single|x86.ActiveCfg = Debug-Single|Win32
		{0B2D19CA-0547-4EA7-89CB-E6C79A06647F}.Debug-Single|x86.Build.0 = Debug-Single|Win32
		{0B2D19CA-0547-4EA7-89CB-E6C79A06647F}.Release|x64.ActiveCfg = Release|x64
		{0B2D19CA-0547-4EA7-89CB-E6C79A06647F}.Release|x64.Build.0 = Release|x64
		{0B2D19CA-0547-4EA7-89CB-E6C79A06647F}.Release|x86.ActiveCfg = Release|Win32
		{0B2D19CA-0547-4EA7-89CB-E6C79A06647F}.Release|x86.Build.0 = Release|Win32
		{0B2D19CA-0547-4EA7-89CB-E6C79A06647F}.Release-MemoryOnly|x64.ActiveCfg = Release-Single|x64
		{0B2D19CA-0547-4EA7-89CB-E6C79A06647F}.Release-MemoryOnly|x64.Build.0 = Release-Single|x64
		{0B2D19CA-0547-4EA7-89CB-E6C79A06647F}.Release-MemoryOnly|x86.ActiveCfg = Release-Single|Win32
		{0B2D19CA-0547-4EA7-89CB-E6C79A06647F}.Release-MemoryOnly|x86.Build.0 = Release-Single|Win32
		{0B2D19CA-0547-4EA7-89CB-E6C79A06647F}.Release-Single|x64.ActiveCfg = Release-Single|x64
		{0B2D19CA-0547-4EA7-89CB-E6C79A06647F}.Release-Single|x64.Build.0 = Release-Single|x64
		{0B2D19CA-0547-4EA7-89CB-E6C79A06647F}.Release-Single|x86.ActiveCfg = Release-Single|Win32
		{0B2D19CA-0547-4EA7-89CB-E6C79A06647F}.Release-Single|x86.Build.0 = Release-Single|Win32
		{A7FBECB9-8049-40A9-A923-63BDAD33483B}.Debug|x64.ActiveCfg = Debug|x64
		{A7FBECB9-8049-40A9-A923-63BDAD33483B}.Debug|x64.Build.0 = Debug|x64
		{A7FBECB9-8049-40A9-A923-63BDAD33483B}.Debug|x86.ActiveCfg = Debug|Win32
		{A7FBECB9-8049-40A9-A923-63BDAD33483B}.Debug|x86.Build.0 = Debug|Win32
		{A7FBECB9-8049-40A9-A923-63BDAD33483B}.Debug-MemoryOnly|x64.ActiveCfg = Debug|x64
		{A7FBECB9-8049-40A9-A923-63BDAD33483B}.Debug-MemoryOnly|x64.Build.0 = Debug|x64
		{A7FBECB9-8049-40A9-A923-63BDAD33483B}.Debug-MemoryOnly|x86.ActiveCfg = Debug|Win32
		{A7FBECB9-8049-40A9-A923-63BDAD33483B}.Debug-MemoryOnly|x86.Build.0 = Debug|Win32
		{A7FBECB9-8049-40A9-A923-63BDAD33483B}.Debug-Single|x64.ActiveCfg = Debug|x64
		{A7FBECB9-8049-40A9-A923-63BDAD33483B}.Debug-Single|x64.Build.0 = Debug|x64
		{A7FBECB9-8049-40A9-A923-63BDAD33483B}.Debug-Single|x86.ActiveCfg = Debug|Win32
		{A7FBECB9-8049-40A9-A923-63BDAD33483B}.Debug-Single|x86.Build.0 = Debug|Win32
		{A7FBECB9-8049-40A9-A923-63BDAD33483B}.Release|x64.ActiveCfg = Release|x64
		{A7FBECB9-8049-40A9-A923-63BDAD33483B}.Release|x64.Build.0 = Release|x64
		{A7FBECB9-8049-40A9-A923-63BDAD33483B}.Release|x86.ActiveCfg = Release|Win32
		{A7FBECB9-8049-40A9-A923-63BDAD33483B}.Release|x86.Build.0 = Release|Win32
		{A7FBECB9-8049-40A9-A923-63BDAD33483B}.Release-MemoryOnly|x64.ActiveCfg = Release|x64
		{A7FBECB9-8049-40A9-A923-63BDAD33483B}.Release-MemoryOnly|x64.Build.0 = Release|x64
		{A7FBECB9-8049-40A9-A923-63BDAD33483B}.Release-MemoryOnly|x86.ActiveCfg = Release|Win32
		{A7FBECB9-8049-40A9-A923-63BDAD33483B}.Release-MemoryOnly|x86.Build.0 = Release|Win32
		{A7FBECB9-8049-40A9-A923-63BDAD33483B}.Release-Single|x64.ActiveCfg = Release|x64
		{A7FBECB9-8049-40A9-A923-63BDAD33483B}.Release-Single|x64.Build.0 = Release|x64
		{A7FBECB9-8049-40A9-A923-63BDAD33483B}.Release-Single|x86.ActiveCfg = Release|Win32
		{A7FBECB9-8049-40A9-A923-63BDAD33483B}.Release-Single|x86.Build.0 = Release|Win32
		{CCBBB20E-10A3-4E1B-9D71-27A84C548E6E}.Debug|x64.ActiveCfg = Debug|x64
		{CCBBB20E-10A3-4E1B-9D71-27A84C548E6E}.Debug|x64.Build.0 = Debug|x64
		{CCBBB20E-10A3-4E1B-9D71-27A84C548E6E}.Debug|x86.ActiveCfg = Debug|Win32
		{CCBBB20E-10A3-4E1B-9D71-27A84C548E6E}.Debug|x86.Build.0 = Debug|Win32
		{CCBBB20E-10A3-4E1B-9D71-27A84C548E6E}.Debug-MemoryOnly|x64.ActiveCfg = Debug-MemoryOnly|x64
		{CCBBB20E-10A3-4E1B-9D71-27A84C548E6E}.Debug-MemoryOnly|x64.Build.0 = Debug-MemoryOnly|x64
		{CCBBB20E-10A3-4E1B-9D71-27A84C548E6E}.Debug-MemoryOnly|x86.ActiveCfg = Debug-MemoryOnly|Win32
		{CCBBB20E-10A3-4E1B-9D71-27A84C548E6E}.Debug-MemoryOnly|x86.Build.0 = Debug-MemoryOnly|Win32
		{CCBBB20E-10A3-4E1B-9D71-27A84C548E6E}.Debug-Single|x64.ActiveCfg = Debug-Single|x64
		{CCBBB20E-10A3-4E1B-9D71-27A84C548E6E}.Debug-Single|x64.Build.0 = Debug-Single|x64
		{CCBBB20E-10A3-4E1B-9D71-27A84C548E6E}.Debug-Single|x86.ActiveCfg = Debug-Single|Win32
		{CCBBB20E-10A3-4E1B-9D71-27A84C548E6E}.Debug-Single|x86.Build.0 = Debug-Single|Win32
		{CCBBB20E-10A3-4E1B-9D71-27A84C548E6E}.Release|x64.ActiveCfg = Release|x64
		{CCBBB20E-10A3-4E1B-9D71-27A84C548E6E}.Release|x64.Build.0 = Release|x64
		{CCBBB20E-10A3-4E1B-9D71-27A84C548E6E}.Release|x86.ActiveCfg = Release|Win32
		{CCBBB20E-10A3-4E1B-9D71-27A84C548E6E}.Release|x86.Build.0 = Release|Win32
		{CCBBB20E-10A3-4E1B-9D71-27A84C548E6E}.Release-MemoryOnly|x64.ActiveCfg = Release-MemoryOnly|x64
		{CCBBB20E-10A3-4E1B-9D71-27A84C548E6E}.Release-MemoryOnly|x64.Build.0 = Release-MemoryOnly|x64
		{CCBBB20E-10A3-4E1B-9D71-27A84C548E6E}.Release-MemoryOnly|x86.ActiveCfg = Release-MemoryOnly|Win32
		{CCBBB20E-10A3-4E1B-9D71-27A84C548E6E}.Release-MemoryOnly|x86.Build.0 = Release-MemoryOnly|Win32
		{CCBBB20E-10A3-4E1B-9D71-27A84C548E6E}.Release-Single|x64.ActiveCfg = Release-Single|x64
		{CCBBB20E-10A3-4E1B-9D71-27A84C548E6E}.Release-Single|x64.Build.0 = Release-Single|x64
		{CCBBB20E-10A3-4E1B-9D71-27A84C548E6E}.Release-Single|x86.ActiveCfg = Release-Single|Win32
		{CCBBB20E-10A3-4E1B-9D71-27A84C548E6E}.Release-Single|x86.Build.0 = Release-Single|Win32
		{1D1FB480-9E69-4C1D-A120-1601B00B2457}.Debug|x64.ActiveCfg = Debug|x64
		{1D1FB480-9E69-4C1D-A120-1601B00B2457}.Debug|x64.Build.0 = Debug|x64
		{1D1FB480-9E69-4C1D-A120-1601B00B2457}.Debug|x86.ActiveCfg = Debug|Win32
		{1D1FB480-9E69-4C1D-A120-1601B00B2457}.Debug|x86.Build.0 = Debug|Win32
		{1D1FB480-9E69-4C1D-A120-1601B00B2457}.Debug-MemoryOnly|x64.ActiveCfg = Debug-MemoryOnly|x64
		{1D1FB480-9E69-4C1D-A120-1601B00B2457}.Debug-MemoryOnly|x64.Build.0 = Debug-MemoryOnly|x64
		{1D1FB480-9E69-4C1D-A120-1601B00B2457}.Debug-MemoryOnly|x86.ActiveCfg = Debug-MemoryOnly|Win32
		{1D1FB480-9E69-4C1D-A120-1601B00B2457}.Debug-MemoryOnly|x86.Build.0 = Debug-MemoryOnly|Win32
		{1D1FB480-9E69-4C1D-A120-1601B00B2457}.Debug-Single|x64.ActiveCfg = Debug-Single|x64
		{1D1FB480-9E69-4C1D-A120-1601B00B2457}.Debug-Single|x64.Build.0 = Debug-Single|x64
		{1D1FB480-9E69-4C1D-A120-1601B00B2457}.Debug-Single|x86.ActiveCfg = Debug-Single|Win32
		{1D1FB480-9E69-4C1D-A120-1601B00B2457}.Debug-Single|x86.Build.0 = Debug-Single|Win32
		{1D1FB480-9E69-4C1D-A120-1601B00B2457}.Release|x64.ActiveCfg = Release|x64
		{1D1FB480-9E69-4C1D-A120-1601B00B2457}.Release|x64.Build.0 = Release|x64
		{1D1FB480-9E69-4C1D-A120-1601B00B2457}.Release|x86.ActiveCfg = Release|Win32
		{1D1FB480-9E69-4C1D-A120-1601B00B2457}.Release|x86.Build.0 = Release|Win32
		{1D1FB480-9E69-4C1D-A120-1601B00B2457}.Release-MemoryOnly|x64.ActiveCfg = Release-MemoryOnly|x64
		{1D1FB480-9E69-4C1D-A120-1601B00B2457}.Release-MemoryOnly|x64.Build.0 = Release-MemoryOnly|x64
		{1D1FB480-9E69-4C1D-A120-1601B00B2457}.Release-MemoryOnly|x86.ActiveCfg = Release-MemoryOnly|Win32
		{1D1FB480-9E69-4C1D-A120-1601B00B2457}.Release-MemoryOnly|x86.Build.0 = Release-MemoryOnly|Win32
		{1D1FB480-9E69-4C1D-A120-1601B00B2457}.Release-Single|x64.ActiveCfg = Release-Single|x64
		{1D1FB480-9E69-4C1D-A120-1601B00B2457}.Release-Single|x64.Build.0 = Release-Single|x64
		{1D1FB480-9E69-4C1D-A120-1601B00B2457}.Release-Single|x86.ActiveCfg = Release-Single|Win32
		{1D1FB480-9E69-4C1D-A120-1601B00B2457}.Release-Single|x86.Build.0 = Release-Single|Win32
		{22E3BB54-2542-4641-9A07-7EFE0DD64670}.Debug|x64.ActiveCfg = Debug|x64
		{22E3BB54-2542-4641-9A07-7EFE0DD64670}.Debug|x64.Build.0 = Debug|x64
		{22E3BB54-2542-4641-9A07-7EFE0DD64670}.Debug|x86.ActiveCfg = Debug|Win32
		{22E3BB54-2542-4641-9A07-7EFE0DD64670}.Debug|x86.Build.0 = Debug|Win32
		{22E3BB54-2542-4641-9A07-7EFE0DD64670}.Debug-MemoryOnly|x64.ActiveCfg = Debug-Single|x64
		{22E3BB54-2542-4641-9A07-7EFE0DD64670}.Debug-MemoryOnly|x64.Build.0 = Debug-Single|x64
		{22E3BB54-2542-4641-9A07-7EFE0DD64670}.Debug-MemoryOnly|x86.ActiveCfg = Debug-Single|Win32
		{22E3BB54-2542-4641-9A07-7EFE0DD64670}.Debug-MemoryOnly|x86.Build.0 = Debug-Single|Win32
		{22E3BB54-2542-4641-9A07-7EFE0DD64670}.Debug-Single|x64.ActiveCfg = Debug-Single|x64
		{22E3BB54-2542-4641-9A07-7EFE0DD64670}.Debug-Single|x64.Build.0 = Debug-Single|x64
		{22E3BB54-2542-4641-9A07-7EFE0DD64670}.Debug-Single|x86.ActiveCfg = Debug-Single|Win32
		{22E3BB54-2542-4641-9A07-7EFE0DD64670}.Debug-Single|x86.Build.0 = Debug-Single|Win32
		{22E3BB54-2542-4641-9A07-7EFE0DD64670}.Release|x64.ActiveCfg = Release|x64
		{22E3BB54-2542-4641-9A07-7EFE0DD64670}.Release|x64.Build.0 = Release|x64
		{22E3BB54-2542-4641-9A07-7EFE0DD64670}.Release|x86.ActiveCfg = Release|Win32
		{22E3BB54-2542-4641-9A07-7EFE0DD64670}.Release|x86.Build.0 = Release|Win32
		{22E3BB54-2542-4641-9A07-7EFE0DD64670}.Release-MemoryOnly|x64.ActiveCfg = Release-Single|x64
		{22E3BB54-2542-4641-9A07-7EFE0DD64670}.Release-MemoryOnly|x64.Build.0 = Release-Single|x64
		{22E3BB54-2542-4641-9A07-7EFE0DD64670}.Release-MemoryOnly|x86.ActiveCfg = Release-Single|Win32
		{22E3BB54-2542-4641-9A07-7EFE0DD64670}.Release-MemoryOnly|x86.Build.0 = Release-Single|Win32
		{22E3BB54-2542-4641-9A07-7EFE0DD64670}.Release-Single|x64.ActiveCfg = Release-Single|x64
		{22E3BB54-2542-4641-9A07-7EFE0DD64670}.Release-Single|x64.Build.0 = Release-Single|x64
		{22E3BB54-2542-4641-9A07-7EFE0DD64670}.Release-Single|x86.ActiveCfg = Release-Single|Win32
		{22E3BB54-2542-4641-9A07-7EFE0DD64670}.Release-Single|x86.Build.0 = Release-Single|Win32
		{C11D3CCB-F720-400B-89F7-A3C60B7079CC}.Debug|x64.ActiveCfg = Debug|x64
		{C11D3CCB-F720-400B-89F7-A3C60B7079CC}.Debug|x64.Build.0 = Debug|x64
		{C11D3CCB-F720-400B-89F7-A3C60B7079CC}.Debug|x86.ActiveCfg = Debug|Win32
		{C11D3CCB-F720-400B-89F7-A3C60B7079CC}.Debug|x86.Build.0 = Debug|Win32
		{C11D3CCB-F720-400B-89F7-A3C60B7079CC}.Debug-MemoryOnly|x64.ActiveCfg = Debug-Single|x64
		{C11D3CCB-F720-400B-89F7-A3C60B7079CC}.Debug-MemoryOnly|x64.Build.0 = Debug-Single|x64
		{C11D3CCB-F720-400B-89F7-A3C60B7079CC}.Debug-MemoryOnly|x86.ActiveCfg = Debug-Single|Win32
		{C11D3CCB-F720-400B-89F7-A3C60B7079CC}.Debug-MemoryOnly|x86.Build.0 = Debug-Single|Win32
		{C11D3CCB-F720-400B-89F7-A3C60B7079CC}.Debug-Single|x64.ActiveCfg = Debug-Single|x64
		{C11D3CCB-F720-400B-89F7-A3C60B7079CC}.Debug-Single|x64.Build.0 = Debug-Single|x64
		{C11D3CCB-F720-400B-89F7-A3C60B7079CC}.Debug-Single|x86.ActiveCfg = Debug-Single|Win32
		{C11D3CCB-F720-400B-89F7-A3C60B7079CC}.Debug-Single|x86.Build.0 = Debug-Single|Win32
		{C11D3CCB-F720-400B-89F7-A3C60B7079CC}.Release|x64.ActiveCfg = Release|x64
		{C11D3CCB-F720-400B-89F7-A3C60B7079CC}.Release|x64.Build.0 = Release|x64
		{C11D3CCB-F720-400B-89F7-A3C60B7079CC}.Release|x86.ActiveCfg = Release|Win32
		{C11D3CCB-F720-400B-89F7-A3C60B7079CC}.Release|x86.Build.0 = Release|Win32
		{C11D3CCB-F720-400B-89F7-A3C60B7079CC}.Release-MemoryOnly|x64.ActiveCfg = Release-Single|x64
		{C11D3CCB-F720-400B-89F7-A3C60B7079CC}.Release-MemoryOnly|x64.Build.0 = Release-Single|x64
		{C11D3CCB-F720-400B-89F7-A3C60B7079CC}.Release-MemoryOnly|x86.ActiveCfg = Release-Single|Win32
		{C11D3CCB-F720-400B-89F7-A3C60B7079CC}.Release-MemoryOnly|x86.Build.0 = Release-Single|Win32
		{C11D3CCB-F720-400B-89F7-A3C60B7079CC}.Release-Single|x64.ActiveCfg = Release-Single|x64
		{C11D3CCB-F720-400B-89F7-A3C60B7079CC}.Release-Single|x64.Build.0 = Release-Single|x64
		{C11D3CCB-F720-400B-89F7-A3C60B7079CC}.Release-Single|x86.ActiveCfg = Release-Single|Win32
		{C11D3CCB-F720-400B-89F7-A3C60B7079CC}.Release-Single|x86.Build.0 = Release-Single|Win32
	EndGlobalSection
	GlobalSection(SolutionProperties) = preSolution
		HideSolutionNode = FALSE
	EndGlobalSection
	GlobalSection(NestedProjects) = preSolution
		{390CEBFE-1B0A-4E64-A0F4-73806DA0B560} = {A630C077-67E7-46C0-8C6C-A8370F5733CE}
		{C47569BF-DACD-4171-9CF4-A5A5C1EE2BE1} = {390CEBFE-1B0A-4E64-A0F4-73806DA0B560}
		{B3E9FE89-CD37-4E20-973B-B091EA079076} = {C47569BF-DACD-4171-9CF4-A5A5C1EE2BE1}
		{C25BB61E-5453-4396-A0F6-396271781A89} = {C47569BF-DACD-4171-9CF4-A5A5C1EE2BE1}
		{40CEEF4C-8CF9-48D7-8E86-47F3D9FEE848} = {C47569BF-DACD-4171-9CF4-A5A5C1EE2BE1}
		{174B912F-4CB9-4EE9-A6E5-65BB94948B6E} = {C47569BF-DACD-4171-9CF4-A5A5C1EE2BE1}
		{890B74F4-D72A-4F93-A500-4EF2196CB3EB} = {C47569BF-DACD-4171-9CF4-A5A5C1EE2BE1}
		{401C012A-E5D9-4C00-9C5E-3FE078CED61B} = {27480A2A-42D2-4BE6-BBFA-48C6DFB215CF}
		{7FC13028-D652-4275-A96D-D8EFC8F0CCB8} = {C47569BF-DACD-4171-9CF4-A5A5C1EE2BE1}
		{3B6EFECE-FA4D-437F-AD9B-6B1C66B67647} = {27480A2A-42D2-4BE6-BBFA-48C6DFB215CF}
		{771BE173-9866-4A6C-AF55-1427FE257454} = {A630C077-67E7-46C0-8C6C-A8370F5733CE}
		{396ABBC1-D102-4C3B-9DDB-955B72BAECE4} = {771BE173-9866-4A6C-AF55-1427FE257454}
		{B6CE7480-53BA-44C7-A262-6FA94B784C3E} = {396ABBC1-D102-4C3B-9DDB-955B72BAECE4}
		{CAB43E83-8775-4477-964F-364D79F860B7} = {396ABBC1-D102-4C3B-9DDB-955B72BAECE4}
		{2B02F26B-EC29-48C2-9807-6965153051A8} = {396ABBC1-D102-4C3B-9DDB-955B72BAECE4}
		{03433D5F-4270-40A5-83A5-04CCC75A5613} = {396ABBC1-D102-4C3B-9DDB-955B72BAECE4}
		{8E1B0B4C-8220-4E7B-A838-B4B3DDB4CF15} = {89AD6B32-AFDA-4820-B704-0F726299EDF1}
		{01DCCD38-27CC-4C1A-851F-F1700EDF8BB5} = {89AD6B32-AFDA-4820-B704-0F726299EDF1}
		{79B9D213-082A-40D9-B5A7-2758AEDFCBEC} = {D6B9B036-6D74-4FEB-B845-E51E27EF2C4A}
		{3CF5C030-9BBF-4CC7-9290-546DE57C8677} = {396ABBC1-D102-4C3B-9DDB-955B72BAECE4}
		{AF1E3B5B-A039-4855-BAB3-8455119ECD09} = {396ABBC1-D102-4C3B-9DDB-955B72BAECE4}
		{21918EB5-0A76-4CDF-860A-F3725C357260} = {C47569BF-DACD-4171-9CF4-A5A5C1EE2BE1}
		{11DC0A4A-D389-4FA8-903B-2C62DFA9C8FD} = {C47569BF-DACD-4171-9CF4-A5A5C1EE2BE1}
		{0B2D19CA-0547-4EA7-89CB-E6C79A06647F} = {C47569BF-DACD-4171-9CF4-A5A5C1EE2BE1}
		{A7FBECB9-8049-40A9-A923-63BDAD33483B} = {396ABBC1-D102-4C3B-9DDB-955B72BAECE4}
		{CCBBB20E-10A3-4E1B-9D71-27A84C548E6E} = {D6B9B036-6D74-4FEB-B845-E51E27EF2C4A}
		{1D1FB480-9E69-4C1D-A120-1601B00B2457} = {27480A2A-42D2-4BE6-BBFA-48C6DFB215CF}
		{22E3BB54-2542-4641-9A07-7EFE0DD64670} = {C47569BF-DACD-4171-9CF4-A5A5C1EE2BE1}
		{C11D3CCB-F720-400B-89F7-A3C60B7079CC} = {C47569BF-DACD-4171-9CF4-A5A5C1EE2BE1}
	EndGlobalSection
	GlobalSection(ExtensibilityGlobals) = postSolution
		SolutionGuid = {B04F0F71-F986-460E-A2A1-92F9530B8E49}
	EndGlobalSection
EndGlobal
